
Microsoft Visual Studio Solution File, Format Version 12.00
# Visual Studio 15
Project("{FAE04EC0-301F-11D3-BF4B-00C04F79EFBC}") = "Unity.RenderPipelines.Core.Samples.Runtime", "Unity.RenderPipelines.Core.Samples.Runtime.csproj", "{E441CE75-8356-0142-A228-E117229DC5C7}"
EndProject
Project("{FAE04EC0-301F-11D3-BF4B-00C04F79EFBC}") = "Assembly-CSharp-Editor", "Assembly-CSharp-Editor.csproj", "{09258C60-AFCE-0071-7663-DF71225E147D}"
EndProject
Project("{FAE04EC0-301F-11D3-BF4B-00C04F79EFBC}") = "Unity.RenderPipelines.Core.Samples.Editor", "Unity.RenderPipelines.Core.Samples.Editor.csproj", "{883C63C8-3B3E-60F8-7EF7-0632CE5C44AF}"
EndProject
Project("{FAE04EC0-301F-11D3-BF4B-00C04F79EFBC}") = "Assembly-CSharp", "Assembly-CSharp.csproj", "{BF6B0822-4C97-4841-D9A3-51DBA5B1E1EB}"
EndProject
Global
	GlobalSection(SolutionConfigurationPlatforms) = preSolution
		Debug|Any CPU = Debug|Any CPU
		Release|Any CPU = Release|Any CPU
	EndGlobalSection
	GlobalSection(ProjectConfigurationPlatforms) = postSolution
		{E441CE75-8356-0142-A228-E117229DC5C7}.Debug|Any CPU.ActiveCfg = Debug|Any CPU
		{E441CE75-8356-0142-A228-E117229DC5C7}.Debug|Any CPU.Build.0 = Debug|Any CPU
		{E441CE75-8356-0142-A228-E117229DC5C7}.Release|Any CPU.ActiveCfg = Release|Any CPU
		{E441CE75-8356-0142-A228-E117229DC5C7}.Release|Any CPU.Build.0 = Release|Any CPU
		{09258C60-AFCE-0071-7663-DF71225E147D}.Debug|Any CPU.ActiveCfg = Debug|Any CPU
		{09258C60-AFCE-0071-7663-DF71225E147D}.Debug|Any CPU.Build.0 = Debug|Any CPU
		{09258C60-AFCE-0071-7663-DF71225E147D}.Release|Any CPU.ActiveCfg = Release|Any CPU
		{09258C60-AFCE-0071-7663-DF71225E147D}.Release|Any CPU.Build.0 = Release|Any CPU
		{883C63C8-3B3E-60F8-7EF7-0632CE5C44AF}.Debug|Any CPU.ActiveCfg = Debug|Any CPU
		{883C63C8-3B3E-60F8-7EF7-0632CE5C44AF}.Debug|Any CPU.Build.0 = Debug|Any CPU
		{883C63C8-3B3E-60F8-7EF7-0632CE5C44AF}.Release|Any CPU.ActiveCfg = Release|Any CPU
		{883C63C8-3B3E-60F8-7EF7-0632CE5C44AF}.Release|Any CPU.Build.0 = Release|Any CPU
		{BF6B0822-4C97-4841-D9A3-51DBA5B1E1EB}.Debug|Any CPU.ActiveCfg = Debug|Any CPU
		{BF6B0822-4C97-4841-D9A3-51DBA5B1E1EB}.Debug|Any CPU.Build.0 = Debug|Any CPU
		{BF6B0822-4C97-4841-D9A3-51DBA5B1E1EB}.Release|Any CPU.ActiveCfg = Release|Any CPU
		{BF6B0822-4C97-4841-D9A3-51DBA5B1E1EB}.Release|Any CPU.Build.0 = Release|Any CPU
	EndGlobalSection
	GlobalSection(SolutionProperties) = preSolution
		HideSolutionNode = FALSE
	EndGlobalSection
EndGlobal
